// !$*UTF8*$!
{
	archiveVersion = 1;
	classes = {
	};
	objectVersion = 50;
	objects = {

/* Begin PBXBuildFile section */
		CD29DE2120DB93C30033998C /* AppDelegate.swift in Sources */ = {isa = PBXBuildFile; fileRef = CD29DE2020DB93C30033998C /* AppDelegate.swift */; };
		CD29DE2320DB93C30033998C /* ViewController.swift in Sources */ = {isa = PBXBuildFile; fileRef = CD29DE2220DB93C30033998C /* ViewController.swift */; };
		CD29DE2620DB93C30033998C /* Main.storyboard in Resources */ = {isa = PBXBuildFile; fileRef = CD29DE2420DB93C30033998C /* Main.storyboard */; };
		CD29DE2820DB93C40033998C /* Assets.xcassets in Resources */ = {isa = PBXBuildFile; fileRef = CD29DE2720DB93C40033998C /* Assets.xcassets */; };
		CD29DE2B20DB93C40033998C /* LaunchScreen.storyboard in Resources */ = {isa = PBXBuildFile; fileRef = CD29DE2920DB93C40033998C /* LaunchScreen.storyboard */; };
		CD29DE3520DBBEF20033998C /* UserViewController.swift in Sources */ = {isa = PBXBuildFile; fileRef = CD29DE3420DBBEF20033998C /* UserViewController.swift */; };
		CD9AEE7D20DCFD13000D2819 /* User.swift in Sources */ = {isa = PBXBuildFile; fileRef = CD9AEE7C20DCFD13000D2819 /* User.swift */; };
/* End PBXBuildFile section */

/* Begin PBXFileReference section */
		CD29DE1D20DB93C30033998C /* ios-pm-skyapp.app */ = {isa = PBXFileReference; explicitFileType = wrapper.application; includeInIndex = 0; path = "ios-pm-skyapp.app"; sourceTree = BUILT_PRODUCTS_DIR; };
		CD29DE2020DB93C30033998C /* AppDelegate.swift */ = {isa = PBXFileReference; lastKnownFileType = sourcecode.swift; path = AppDelegate.swift; sourceTree = "<group>"; };
		CD29DE2220DB93C30033998C /* ViewController.swift */ = {isa = PBXFileReference; lastKnownFileType = sourcecode.swift; path = ViewController.swift; sourceTree = "<group>"; };
		CD29DE2520DB93C30033998C /* Base */ = {isa = PBXFileReference; lastKnownFileType = file.storyboard; name = Base; path = Base.lproj/Main.storyboard; sourceTree = "<group>"; };
		CD29DE2720DB93C40033998C /* Assets.xcassets */ = {isa = PBXFileReference; lastKnownFileType = folder.assetcatalog; path = Assets.xcassets; sourceTree = "<group>"; };
		CD29DE2A20DB93C40033998C /* Base */ = {isa = PBXFileReference; lastKnownFileType = file.storyboard; name = Base; path = Base.lproj/LaunchScreen.storyboard; sourceTree = "<group>"; };
		CD29DE2C20DB93C40033998C /* Info.plist */ = {isa = PBXFileReference; lastKnownFileType = text.plist.xml; path = Info.plist; sourceTree = "<group>"; };
		CD29DE3420DBBEF20033998C /* UserViewController.swift */ = {isa = PBXFileReference; lastKnownFileType = sourcecode.swift; path = UserViewController.swift; sourceTree = "<group>"; };
		CD9AEE7C20DCFD13000D2819 /* User.swift */ = {isa = PBXFileReference; lastKnownFileType = sourcecode.swift; path = User.swift; sourceTree = "<group>"; };
/* End PBXFileReference section */

/* Begin PBXFrameworksBuildPhase section */
		CD29DE1A20DB93C30033998C /* Frameworks */ = {
			isa = PBXFrameworksBuildPhase;
			buildActionMask = 2147483647;
			files = (
			);
			runOnlyForDeploymentPostprocessing = 0;
		};
/* End PBXFrameworksBuildPhase section */

/* Begin PBXGroup section */
		CD29DE1420DB93C30033998C = {
			isa = PBXGroup;
			children = (
				CD29DE1F20DB93C30033998C /* ios-pm-skyapp */,
				CD29DE1E20DB93C30033998C /* Products */,
			);
			sourceTree = "<group>";
		};
		CD29DE1E20DB93C30033998C /* Products */ = {
			isa = PBXGroup;
			children = (
				CD29DE1D20DB93C30033998C /* ios-pm-skyapp.app */,
			);
			name = Products;
			sourceTree = "<group>";
		};
		CD29DE1F20DB93C30033998C /* ios-pm-skyapp */ = {
			isa = PBXGroup;
			children = (
				CD29DE2020DB93C30033998C /* AppDelegate.swift */,
				CD29DE2C20DB93C40033998C /* Info.plist */,
				CD29DE2720DB93C40033998C /* Assets.xcassets */,
				CD9AEE7E20DCFD17000D2819 /* Model */,
				CD29DE3720DBC4810033998C /* View */,
				CD29DE3620DBC4540033998C /* Controller */,
			);
			path = "ios-pm-skyapp";
			sourceTree = "<group>";
		};
		CD29DE3620DBC4540033998C /* Controller */ = {
			isa = PBXGroup;
			children = (
				CD29DE2220DB93C30033998C /* ViewController.swift */,
				CD29DE3420DBBEF20033998C /* UserViewController.swift */,
			);
			path = Controller;
			sourceTree = "<group>";
		};
		CD29DE3720DBC4810033998C /* View */ = {
			isa = PBXGroup;
			children = (
				CD29DE2420DB93C30033998C /* Main.storyboard */,
				CD29DE2920DB93C40033998C /* LaunchScreen.storyboard */,
			);
			path = View;
			sourceTree = "<group>";
		};
		CD9AEE7E20DCFD17000D2819 /* Model */ = {
			isa = PBXGroup;
			children = (
				CD9AEE7C20DCFD13000D2819 /* User.swift */,
			);
			path = Model;
			sourceTree = "<group>";
		};
/* End PBXGroup section */

/* Begin PBXNativeTarget section */
		CD29DE1C20DB93C30033998C /* ios-pm-skyapp */ = {
			isa = PBXNativeTarget;
			buildConfigurationList = CD29DE2F20DB93C40033998C /* Build configuration list for PBXNativeTarget "ios-pm-skyapp" */;
			buildPhases = (
				CD29DE1920DB93C30033998C /* Sources */,
				CD29DE1A20DB93C30033998C /* Frameworks */,
				CD29DE1B20DB93C30033998C /* Resources */,
			);
			buildRules = (
			);
			dependencies = (
			);
			name = "ios-pm-skyapp";
			productName = "ios-pm-skyapp";
			productReference = CD29DE1D20DB93C30033998C /* ios-pm-skyapp.app */;
			productType = "com.apple.product-type.application";
		};
/* End PBXNativeTarget section */

/* Begin PBXProject section */
		CD29DE1520DB93C30033998C /* Project object */ = {
			isa = PBXProject;
			attributes = {
				LastSwiftUpdateCheck = 0940;
				LastUpgradeCheck = 0940;
				ORGANIZATIONNAME = samrith;
				TargetAttributes = {
					CD29DE1C20DB93C30033998C = {
						CreatedOnToolsVersion = 9.4.1;
					};
				};
			};
			buildConfigurationList = CD29DE1820DB93C30033998C /* Build configuration list for PBXProject "ios-pm-skyapp" */;
			compatibilityVersion = "Xcode 9.3";
			developmentRegion = en;
			hasScannedForEncodings = 0;
			knownRegions = (
				en,
				Base,
			);
			mainGroup = CD29DE1420DB93C30033998C;
			productRefGroup = CD29DE1E20DB93C30033998C /* Products */;
			projectDirPath = "";
			projectRoot = "";
			targets = (
				CD29DE1C20DB93C30033998C /* ios-pm-skyapp */,
			);
		};
/* End PBXProject section */

/* Begin PBXResourcesBuildPhase section */
		CD29DE1B20DB93C30033998C /* Resources */ = {
			isa = PBXResourcesBuildPhase;
			buildActionMask = 2147483647;
			files = (
				CD29DE2B20DB93C40033998C /* LaunchScreen.storyboard in Resources */,
				CD29DE2820DB93C40033998C /* Assets.xcassets in Resources */,
				CD29DE2620DB93C30033998C /* Main.storyboard in Resources */,
			);
			runOnlyForDeploymentPostprocessing = 0;
		};
/* End PBXResourcesBuildPhase section */

/* Begin PBXSourcesBuildPhase section */
		CD29DE1920DB93C30033998C /* Sources */ = {
			isa = PBXSourcesBuildPhase;
			buildActionMask = 2147483647;
			files = (
				CD9AEE7D20DCFD13000D2819 /* User.swift in Sources */,
				CD29DE2320DB93C30033998C /* ViewController.swift in Sources */,
				CD29DE3520DBBEF20033998C /* UserViewController.swift in Sources */,
				CD29DE2120DB93C30033998C /* AppDelegate.swift in Sources */,
			);
			runOnlyForDeploymentPostprocessing = 0;
		};
/* End PBXSourcesBuildPhase section */

/* Begin PBXVariantGroup section */
		CD29DE2420DB93C30033998C /* Main.storyboard */ = {
			isa = PBXVariantGroup;
			children = (
				CD29DE2520DB93C30033998C /* Base */,
			);
			name = Main.storyboard;
			sourceTree = "<group>";
		};
		CD29DE2920DB93C40033998C /* LaunchScreen.storyboard */ = {
			isa = PBXVariantGroup;
			children = (
				CD29DE2A20DB93C40033998C /* Base */,
			);
			name = LaunchScreen.storyboard;
			sourceTree = "<group>";
		};
/* End PBXVariantGroup section */

/* Begin XCBuildConfiguration section */
		CD29DE2D20DB93C40033998C /* Debug */ = {
			isa = XCBuildConfiguration;
			buildSettings = {
				ALWAYS_SEARCH_USER_PATHS = NO;
				CLANG_ANALYZER_NONNULL = YES;
				CLANG_ANALYZER_NUMBER_OBJECT_CONVERSION = YES_AGGRESSIVE;
				CLANG_CXX_LANGUAGE_STANDARD = "gnu++14";
				CLANG_CXX_LIBRARY = "libc++";
				CLANG_ENABLE_MODULES = YES;
				CLANG_ENABLE_OBJC_ARC = YES;
				CLANG_ENABLE_OBJC_WEAK = YES;
				CLANG_WARN_BLOCK_CAPTURE_AUTORELEASING = YES;
				CLANG_WARN_BOOL_CONVERSION = YES;
				CLANG_WARN_COMMA = YES;
				CLANG_WARN_CONSTANT_CONVERSION = YES;
				CLANG_WARN_DEPRECATED_OBJC_IMPLEMENTATIONS = YES;
				CLANG_WARN_DIRECT_OBJC_ISA_USAGE = YES_ERROR;
				CLANG_WARN_DOCUMENTATION_COMMENTS = YES;
				CLANG_WARN_EMPTY_BODY = YES;
				CLANG_WARN_ENUM_CONVERSION = YES;
				CLANG_WARN_INFINITE_RECURSION = YES;
				CLANG_WARN_INT_CONVERSION = YES;
				CLANG_WARN_NON_LITERAL_NULL_CONVERSION = YES;
				CLANG_WARN_OBJC_IMPLICIT_RETAIN_SELF = YES;
				CLANG_WARN_OBJC_LITERAL_CONVERSION = YES;
				CLANG_WARN_OBJC_ROOT_CLASS = YES_ERROR;
				CLANG_WARN_RANGE_LOOP_ANALYSIS = YES;
				CLANG_WARN_STRICT_PROTOTYPES = YES;
				CLANG_WARN_SUSPICIOUS_MOVE = YES;
				CLANG_WARN_UNGUARDED_AVAILABILITY = YES_AGGRESSIVE;
				CLANG_WARN_UNREACHABLE_CODE = YES;
				CLANG_WARN__DUPLICATE_METHOD_MATCH = YES;
				CODE_SIGN_IDENTITY = "iPhone Developer";
				COPY_PHASE_STRIP = NO;
				DEBUG_INFORMATION_FORMAT = dwarf;
				ENABLE_STRICT_OBJC_MSGSEND = YES;
				ENABLE_TESTABILITY = YES;
				GCC_C_LANGUAGE_STANDARD = gnu11;
				GCC_DYNAMIC_NO_PIC = NO;
				GCC_NO_COMMON_BLOCKS = YES;
				GCC_OPTIMIZATION_LEVEL = 0;
				GCC_PREPROCESSOR_DEFINITIONS = (
					"DEBUG=1",
					"$(inherited)",
				);
				GCC_WARN_64_TO_32_BIT_CONVERSION = YES;
				GCC_WARN_ABOUT_RETURN_TYPE = YES_ERROR;
				GCC_WARN_UNDECLARED_SELECTOR = YES;
				GCC_WARN_UNINITIALIZED_AUTOS = YES_AGGRESSIVE;
				GCC_WARN_UNUSED_FUNCTION = YES;
				GCC_WARN_UNUSED_VARIABLE = YES;
				IPHONEOS_DEPLOYMENT_TARGET = 11.4;
				MTL_ENABLE_DEBUG_INFO = YES;
				ONLY_ACTIVE_ARCH = YES;
				SDKROOT = iphoneos;
				SWIFT_ACTIVE_COMPILATION_CONDITIONS = DEBUG;
				SWIFT_OPTIMIZATION_LEVEL = "-Onone";
			};
			name = Debug;
		};
		CD29DE2E20DB93C40033998C /* Release */ = {
			isa = XCBuildConfiguration;
			buildSettings = {
				ALWAYS_SEARCH_USER_PATHS = NO;
				CLANG_ANALYZER_NONNULL = YES;
				CLANG_ANALYZER_NUMBER_OBJECT_CONVERSION = YES_AGGRESSIVE;
				CLANG_CXX_LANGUAGE_STANDARD = "gnu++14";
				CLANG_CXX_LIBRARY = "libc++";
				CLANG_ENABLE_MODULES = YES;
				CLANG_ENABLE_OBJC_ARC = YES;
				CLANG_ENABLE_OBJC_WEAK = YES;
				CLANG_WARN_BLOCK_CAPTURE_AUTORELEASING = YES;
				CLANG_WARN_BOOL_CONVERSION = YES;
				CLANG_WARN_COMMA = YES;
				CLANG_WARN_CONSTANT_CONVERSION = YES;
				CLANG_WARN_DEPRECATED_OBJC_IMPLEMENTATIONS = YES;
				CLANG_WARN_DIRECT_OBJC_ISA_USAGE = YES_ERROR;
				CLANG_WARN_DOCUMENTATION_COMMENTS = YES;
				CLANG_WARN_EMPTY_BODY = YES;
				CLANG_WARN_ENUM_CONVERSION = YES;
				CLANG_WARN_INFINITE_RECURSION = YES;
				CLANG_WARN_INT_CONVERSION = YES;
				CLANG_WARN_NON_LITERAL_NULL_CONVERSION = YES;
				CLANG_WARN_OBJC_IMPLICIT_RETAIN_SELF = YES;
				CLANG_WARN_OBJC_LITERAL_CONVERSION = YES;
				CLANG_WARN_OBJC_ROOT_CLASS = YES_ERROR;
				CLANG_WARN_RANGE_LOOP_ANALYSIS = YES;
				CLANG_WARN_STRICT_PROTOTYPES = YES;
				CLANG_WARN_SUSPICIOUS_MOVE = YES;
				CLANG_WARN_UNGUARDED_AVAILABILITY = YES_AGGRESSIVE;
				CLANG_WARN_UNREACHABLE_CODE = YES;
				CLANG_WARN__DUPLICATE_METHOD_MATCH = YES;
				CODE_SIGN_IDENTITY = "iPhone Developer";
				COPY_PHASE_STRIP = NO;
				DEBUG_INFORMATION_FORMAT = "dwarf-with-dsym";
				ENABLE_NS_ASSERTIONS = NO;
				ENABLE_STRICT_OBJC_MSGSEND = YES;
				GCC_C_LANGUAGE_STANDARD = gnu11;
				GCC_NO_COMMON_BLOCKS = YES;
				GCC_WARN_64_TO_32_BIT_CONVERSION = YES;
				GCC_WARN_ABOUT_RETURN_TYPE = YES_ERROR;
				GCC_WARN_UNDECLARED_SELECTOR = YES;
				GCC_WARN_UNINITIALIZED_AUTOS = YES_AGGRESSIVE;
				GCC_WARN_UNUSED_FUNCTION = YES;
				GCC_WARN_UNUSED_VARIABLE = YES;
				IPHONEOS_DEPLOYMENT_TARGET = 11.4;
				MTL_ENABLE_DEBUG_INFO = NO;
				SDKROOT = iphoneos;
				SWIFT_COMPILATION_MODE = wholemodule;
				SWIFT_OPTIMIZATION_LEVEL = "-O";
				VALIDATE_PRODUCT = YES;
			};
			name = Release;
		};
		CD29DE3020DB93C40033998C /* Debug */ = {
			isa = XCBuildConfiguration;
			buildSettings = {
				ASSETCATALOG_COMPILER_APPICON_NAME = AppIcon;
				CODE_SIGN_STYLE = Automatic;
				DEVELOPMENT_TEAM = LCN239U73A;
				INFOPLIST_FILE = "ios-pm-skyapp/Info.plist";
				LD_RUNPATH_SEARCH_PATHS = (
					"$(inherited)",
					"@executable_path/Frameworks",
				);
				PRODUCT_BUNDLE_IDENTIFIER = "com.samrith.ios-pm-skyapp";
				PRODUCT_NAME = "$(TARGET_NAME)";
				SWIFT_VERSION = 4.0;
				TARGETED_DEVICE_FAMILY = "1,2";
			};
			name = Debug;
		};
		CD29DE3120DB93C40033998C /* Release */ = {
			isa = XCBuildConfiguration;
			buildSettings = {
				ASSETCATALOG_COMPILER_APPICON_NAME = AppIcon;
				CODE_SIGN_STYLE = Automatic;
				DEVELOPMENT_TEAM = LCN239U73A;
				INFOPLIST_FILE = "ios-pm-skyapp/Info.plist";
				LD_RUNPATH_SEARCH_PATHS = (
					"$(inherited)",
					"@executable_path/Frameworks",
				);
				PRODUCT_BUNDLE_IDENTIFIER = "com.samrith.ios-pm-skyapp";
				PRODUCT_NAME = "$(TARGET_NAME)";
				SWIFT_VERSION = 4.0;
				TARGETED_DEVICE_FAMILY = "1,2";
			};
			name = Release;
		};
/* End XCBuildConfiguration section */

/* Begin XCConfigurationList section */
		CD29DE1820DB93C30033998C /* Build configuration list for PBXProject "ios-pm-skyapp" */ = {
			isa = XCConfigurationList;
			buildConfigurations = (
				CD29DE2D20DB93C40033998C /* Debug */,
				CD29DE2E20DB93C40033998C /* Release */,
			);
			defaultConfigurationIsVisible = 0;
			defaultConfigurationName = Release;
		};
		CD29DE2F20DB93C40033998C /* Build configuration list for PBXNativeTarget "ios-pm-skyapp" */ = {
			isa = XCConfigurationList;
			buildConfigurations = (
				CD29DE3020DB93C40033998C /* Debug */,
				CD29DE3120DB93C40033998C /* Release */,
			);
			defaultConfigurationIsVisible = 0;
			defaultConfigurationName = Release;
		};
/* End XCConfigurationList section */
	};
	rootObject = CD29DE1520DB93C30033998C /* Project object */;
}
